
Microsoft Visual Studio Solution File, Format Version 12.00
# Visual Studio Version 17
VisualStudioVersion = 17.5.002.0
MinimumVisualStudioVersion = 10.0.40219.1
Project("{9A19103F-16F7-4668-BE54-9A1E7A4F7556}") = "Classes_and_Objects", "Classes_and_Objects.csproj", "{07CF1FB6-F878-4A46-8676-D8EF37E0BC55}"
EndProject
Global
	GlobalSection(SolutionConfigurationPlatforms) = preSolution
		Debug|Any CPU = Debug|Any CPU
		Release|Any CPU = Release|Any CPU
	EndGlobalSection
	GlobalSection(ProjectConfigurationPlatforms) = postSolution
		{07CF1FB6-F878-4A46-8676-D8EF37E0BC55}.Debug|Any CPU.ActiveCfg = Debug|Any CPU
		{07CF1FB6-F878-4A46-8676-D8EF37E0BC55}.Debug|Any CPU.Build.0 = Debug|Any CPU
		{07CF1FB6-F878-4A46-8676-D8EF37E0BC55}.Release|Any CPU.ActiveCfg = Release|Any CPU
		{07CF1FB6-F878-4A46-8676-D8EF37E0BC55}.Release|Any CPU.Build.0 = Release|Any CPU
	EndGlobalSection
	GlobalSection(SolutionProperties) = preSolution
		HideSolutionNode = FALSE
	EndGlobalSection
	GlobalSection(ExtensibilityGlobals) = postSolution
		SolutionGuid = {7F82F766-FA43-4AFA-85F7-0B4DFEB3411D}
	EndGlobalSection
EndGlobal
